
Microsoft Visual Studio Solution File, Format Version 12.00
# Visual Studio 2013
VisualStudioVersion = 12.0.31101.0
MinimumVisualStudioVersion = 10.0.40219.1
Project("{FAE04EC0-301F-11D3-BF4B-00C04F79EFBC}") = "GMSharp(Windows)", "Windows\GMSharp(Windows).csproj", "{583D5699-67BF-4CE5-B3B1-DFE2B1F54485}"
EndProject
Project("{FAE04EC0-301F-11D3-BF4B-00C04F79EFBC}") = "GMSharp(Windows8)", "GMSharp(WP)\GMSharp(Windows8).csproj", "{EC05DEEA-DB8D-42AD-9003-0481522FE6B6}"
EndProject
Global
	GlobalSection(SolutionConfigurationPlatforms) = preSolution
		Debug|Any CPU = Debug|Any CPU
		Release|Any CPU = Release|Any CPU
	EndGlobalSection
	GlobalSection(ProjectConfigurationPlatforms) = postSolution
		{583D5699-67BF-4CE5-B3B1-DFE2B1F54485}.Debug|Any CPU.ActiveCfg = Debug|Any CPU
		{583D5699-67BF-4CE5-B3B1-DFE2B1F54485}.Debug|Any CPU.Build.0 = Debug|Any CPU
		{583D5699-67BF-4CE5-B3B1-DFE2B1F54485}.Release|Any CPU.ActiveCfg = Release|Any CPU
		{583D5699-67BF-4CE5-B3B1-DFE2B1F54485}.Release|Any CPU.Build.0 = Release|Any CPU
		{EC05DEEA-DB8D-42AD-9003-0481522FE6B6}.Debug|Any CPU.ActiveCfg = Debug|Any CPU
		{EC05DEEA-DB8D-42AD-9003-0481522FE6B6}.Debug|Any CPU.Build.0 = Debug|Any CPU
		{EC05DEEA-DB8D-42AD-9003-0481522FE6B6}.Release|Any CPU.ActiveCfg = Release|Any CPU
		{EC05DEEA-DB8D-42AD-9003-0481522FE6B6}.Release|Any CPU.Build.0 = Release|Any CPU
	EndGlobalSection
	GlobalSection(SolutionProperties) = preSolution
		HideSolutionNode = FALSE
	EndGlobalSection
EndGlobal
